
Microsoft Visual Studio Solution File, Format Version 12.00
# Visual Studio Version 17
VisualStudioVersion = 17.5.002.0
MinimumVisualStudioVersion = 10.0.40219.1
Project("{9A19103F-16F7-4668-BE54-9A1E7A4F7556}") = "UNet7BlazorAppEcomm.Client", "Client\UNet7BlazorAppEcomm.Client.csproj", "{845474FF-CCFF-4A17-A8D1-FA82586DD2AE}"
EndProject
Project("{9A19103F-16F7-4668-BE54-9A1E7A4F7556}") = "UNet7BlazorAppEcomm.Server", "Server\UNet7BlazorAppEcomm.Server.csproj", "{04E0E33C-3CEC-4A5A-9D89-1AC09E6F7F3A}"
EndProject
Project("{9A19103F-16F7-4668-BE54-9A1E7A4F7556}") = "UNet7BlazorAppEcomm.Shared", "Shared\UNet7BlazorAppEcomm.Shared.csproj", "{11CD2C04-E5D4-4FE3-9BDA-0989BEAF6BB6}"
EndProject
Global
	GlobalSection(SolutionConfigurationPlatforms) = preSolution
		Debug|Any CPU = Debug|Any CPU
		Release|Any CPU = Release|Any CPU
	EndGlobalSection
	GlobalSection(ProjectConfigurationPlatforms) = postSolution
		{845474FF-CCFF-4A17-A8D1-FA82586DD2AE}.Debug|Any CPU.ActiveCfg = Debug|Any CPU
		{845474FF-CCFF-4A17-A8D1-FA82586DD2AE}.Debug|Any CPU.Build.0 = Debug|Any CPU
		{845474FF-CCFF-4A17-A8D1-FA82586DD2AE}.Release|Any CPU.ActiveCfg = Release|Any CPU
		{845474FF-CCFF-4A17-A8D1-FA82586DD2AE}.Release|Any CPU.Build.0 = Release|Any CPU
		{04E0E33C-3CEC-4A5A-9D89-1AC09E6F7F3A}.Debug|Any CPU.ActiveCfg = Debug|Any CPU
		{04E0E33C-3CEC-4A5A-9D89-1AC09E6F7F3A}.Debug|Any CPU.Build.0 = Debug|Any CPU
		{04E0E33C-3CEC-4A5A-9D89-1AC09E6F7F3A}.Release|Any CPU.ActiveCfg = Release|Any CPU
		{04E0E33C-3CEC-4A5A-9D89-1AC09E6F7F3A}.Release|Any CPU.Build.0 = Release|Any CPU
		{11CD2C04-E5D4-4FE3-9BDA-0989BEAF6BB6}.Debug|Any CPU.ActiveCfg = Debug|Any CPU
		{11CD2C04-E5D4-4FE3-9BDA-0989BEAF6BB6}.Debug|Any CPU.Build.0 = Debug|Any CPU
		{11CD2C04-E5D4-4FE3-9BDA-0989BEAF6BB6}.Release|Any CPU.ActiveCfg = Release|Any CPU
		{11CD2C04-E5D4-4FE3-9BDA-0989BEAF6BB6}.Release|Any CPU.Build.0 = Release|Any CPU
	EndGlobalSection
	GlobalSection(SolutionProperties) = preSolution
		HideSolutionNode = FALSE
	EndGlobalSection
	GlobalSection(ExtensibilityGlobals) = postSolution
		SolutionGuid = {4C185E7A-F4FA-48A4-BFE7-9073DF63D71F}
	EndGlobalSection
EndGlobal
